{
    "_readme": [
        "This file locks the dependencies of your project to a known state",
        "Read more about it at https://getcomposer.org/doc/01-basic-usage.md#composer-lock-the-lock-file",
        "This file is @generated automatically"
    ],
    "hash": "752474fe0b2c5097ab584fef3a6c1e5e",
    "content-hash": "4b1e1925f301353bbc0d24b4ede7ec3b",
    "packages": [
        {
            "name": "easypost/easypost-php",
            "version": "3.0.3",
            "source": {
                "type": "git",
                "url": "https://github.com/EasyPost/easypost-php.git",
                "reference": "7bed142c4ddefe2b509899c68b2a0519cd123761"
            },
            "dist": {
                "type": "zip",
                "url": "https://api.github.com/repos/EasyPost/easypost-php/zipball/7bed142c4ddefe2b509899c68b2a0519cd123761",
                "reference": "7bed142c4ddefe2b509899c68b2a0519cd123761",
                "shasum": ""
            },
            "require": {
                "ext-curl": "*",
                "ext-json": "*",
                "php": ">=5.3.0"
            },
            "require-dev": {
                "phpunit/phpunit": "3.7.*"
            },
            "type": "library",
            "autoload": {
                "psr-0": {
                    "EasyPost": "lib/"
                }
            },
            "notification-url": "https://packagist.org/downloads/",
            "license": [
                "MIT"
            ],
            "authors": [
                {
                    "name": "Sawyer Bateman"
                }
            ],
            "description": "EasyPost Shipping API Client Library for PHP",
            "homepage": "https://github.com/EasyPost/easypost-php",
            "keywords": [
                "api",
                "easypost",
                "shipping"
            ],
            "time": "2016-02-23 00:42:44"
        }
    ],
    "packages-dev": [],
    "aliases": [],
    "minimum-stability": "dev",
    "stability-flags": [],
    "prefer-stable": false,
    "prefer-lowest": false,
    "platform": [],
    "platform-dev": []
}
